{
  "nodes": {
    "hugoFlake": {
      "inputs": {
        "nixpkgs": "nixpkgs"
      },
      "locked": {
        "lastModified": 1,
        "narHash": "sha256-ZAUxnAEMsqN1Y6sAxQJ4PJTA5sLidrPZr7BL+Hi429M=",
        "path": "../hugo-0.40",
        "type": "path"
      },
      "original": {
        "path": "../hugo-0.40",
        "type": "path"
      }
    },
    "nixpkgs": {
      "locked": {
        "lastModified": 1699596684,
        "narHash": "sha256-XSXP8zjBZJBVvpNb2WmY0eW8O2ce+sVyj1T0/iBRIvg=",
        "rev": "da4024d0ead5d7820f6bd15147d3fe2a0c0cec73",
        "revCount": 492172,
        "type": "tarball",
        "url": "https://api.flakehub.com/f/pinned/NixOS/nixpkgs/0.2305.492172%2Brev-da4024d0ead5d7820f6bd15147d3fe2a0c0cec73/018bc3df-6c0a-78fa-b718-b5c65a1bce77/source.tar.gz"
      },
      "original": {
        "type": "tarball",
        "url": "https://flakehub.com/f/NixOS/nixpkgs/0.2305.492172.tar.gz"
      }
    },
    "nixpkgs_2": {
      "locked": {
        "lastModified": 1699596684,
        "narHash": "sha256-XSXP8zjBZJBVvpNb2WmY0eW8O2ce+sVyj1T0/iBRIvg=",
        "rev": "da4024d0ead5d7820f6bd15147d3fe2a0c0cec73",
        "revCount": 492172,
        "type": "tarball",
        "url": "https://api.flakehub.com/f/pinned/NixOS/nixpkgs/0.2305.492172%2Brev-da4024d0ead5d7820f6bd15147d3fe2a0c0cec73/018bc3df-6c0a-78fa-b718-b5c65a1bce77/source.tar.gz"
      },
      "original": {
        "type": "tarball",
        "url": "https://flakehub.com/f/NixOS/nixpkgs/0.2305.491812.tar.gz"
      }
    },
    "nixpkgs_3": {
      "locked": {
        "lastModified": 1699596684,
        "narHash": "sha256-XSXP8zjBZJBVvpNb2WmY0eW8O2ce+sVyj1T0/iBRIvg=",
        "rev": "da4024d0ead5d7820f6bd15147d3fe2a0c0cec73",
        "revCount": 492172,
        "type": "tarball",
        "url": "https://api.flakehub.com/f/pinned/NixOS/nixpkgs/0.2305.492172%2Brev-da4024d0ead5d7820f6bd15147d3fe2a0c0cec73/018bc3df-6c0a-78fa-b718-b5c65a1bce77/source.tar.gz"
      },
      "original": {
        "type": "tarball",
        "url": "https://flakehub.com/f/NixOS/nixpkgs/0.2305.492172.tar.gz"
      }
    },
    "paperjamFlake": {
      "inputs": {
        "nixpkgs": "nixpkgs_3"
      },
      "locked": {
        "lastModified": 1,
        "narHash": "sha256-HFBdyg0GMllZQPmpOI7SDM4WTjQ1H/FkYLNFzCEH47o=",
        "path": "../paperjam",
        "type": "path"
      },
      "original": {
        "path": "../paperjam",
        "type": "path"
      }
    },
    "root": {
      "inputs": {
        "hugoFlake": "hugoFlake",
        "nixpkgs": "nixpkgs_2",
        "paperjamFlake": "paperjamFlake"
      }
    }
  },
  "root": "root",
  "version": 7
}
