{
  "nodes": {
    "nixpkgs": {
      "locked": {
        "lastModified": 1708529342,
        "narHash": "sha256-gTzSstZWvAJgVz5U6coxVtAlY7dldPKgljjR9+cGr/I=",
        "owner": "NixOS",
        "repo": "nixpkgs",
        "rev": "700804df18b73e2fe360d950f371aaec1691dea2",
        "type": "github"
      },
      "original": {
        "owner": "NixOS",
        "repo": "nixpkgs",
        "rev": "700804df18b73e2fe360d950f371aaec1691dea2",
        "type": "github"
      }
    },
    "nixpkgsUnstable": {
      "locked": {
        "lastModified": 1708564076,
        "narHash": "sha256-KKkqoxlgx9n3nwST7O2kM8tliDOijiSSNaWuSkiozdQ=",
        "owner": "NixOS",
        "repo": "nixpkgs",
        "rev": "98b00b6947a9214381112bdb6f89c25498db4959",
        "type": "github"
      },
      "original": {
        "owner": "NixOS",
        "repo": "nixpkgs",
        "rev": "98b00b6947a9214381112bdb6f89c25498db4959",
        "type": "github"
      }
    },
    "root": {
      "inputs": {
        "nixpkgs": "nixpkgs",
        "nixpkgsUnstable": "nixpkgsUnstable"
      }
    }
  },
  "root": "root",
  "version": 7
}
