{
  "nodes": {
    "hugoFlake": {
      "inputs": {
        "nixpkgs": "nixpkgs"
      },
      "locked": {
        "lastModified": 1,
        "narHash": "sha256-QhxwYCPF1C3+xuAm9yyegwzx2eZh/HK+LUkOnw21kcQ=",
        "path": "../hugo-0.40",
        "type": "path"
      },
      "original": {
        "path": "../hugo-0.40",
        "type": "path"
      }
    },
    "nixpkgs": {
      "locked": {
        "lastModified": 1704884582,
        "narHash": "sha256-vLZko1MngM8/Onghu8g8zocupJEUFR4n1zw73kxTWb8=",
        "owner": "NixOS",
        "repo": "nixpkgs",
        "rev": "a1fc22b2efdeba72b0519ac1548ec3c26e7f7b13",
        "type": "github"
      },
      "original": {
        "owner": "NixOS",
        "ref": "nixpkgs-23.11-darwin",
        "repo": "nixpkgs",
        "type": "github"
      }
    },
    "nixpkgs_2": {
      "locked": {
        "lastModified": 1704884582,
        "narHash": "sha256-vLZko1MngM8/Onghu8g8zocupJEUFR4n1zw73kxTWb8=",
        "owner": "NixOS",
        "repo": "nixpkgs",
        "rev": "a1fc22b2efdeba72b0519ac1548ec3c26e7f7b13",
        "type": "github"
      },
      "original": {
        "owner": "NixOS",
        "ref": "nixpkgs-23.11-darwin",
        "repo": "nixpkgs",
        "type": "github"
      }
    },
    "nixpkgs_3": {
      "locked": {
        "lastModified": 1704884582,
        "narHash": "sha256-vLZko1MngM8/Onghu8g8zocupJEUFR4n1zw73kxTWb8=",
        "owner": "NixOS",
        "repo": "nixpkgs",
        "rev": "a1fc22b2efdeba72b0519ac1548ec3c26e7f7b13",
        "type": "github"
      },
      "original": {
        "owner": "NixOS",
        "ref": "nixpkgs-23.11-darwin",
        "repo": "nixpkgs",
        "type": "github"
      }
    },
    "nixpkgs_4": {
      "locked": {
        "lastModified": 1704884582,
        "narHash": "sha256-vLZko1MngM8/Onghu8g8zocupJEUFR4n1zw73kxTWb8=",
        "owner": "NixOS",
        "repo": "nixpkgs",
        "rev": "a1fc22b2efdeba72b0519ac1548ec3c26e7f7b13",
        "type": "github"
      },
      "original": {
        "owner": "NixOS",
        "ref": "nixpkgs-23.11-darwin",
        "repo": "nixpkgs",
        "type": "github"
      }
    },
    "paperjamFlake": {
      "inputs": {
        "nixpkgs": "nixpkgs_3"
      },
      "locked": {
        "lastModified": 1,
        "narHash": "sha256-4Ar4aiwttDMe86Qrf7RLEn0mqHNq3fhALQBY38YNWkg=",
        "path": "../paperjam",
        "type": "path"
      },
      "original": {
        "path": "../paperjam",
        "type": "path"
      }
    },
    "picatFlake": {
      "inputs": {
        "nixpkgs": "nixpkgs_4"
      },
      "locked": {
        "lastModified": 1,
        "narHash": "sha256-bdqoJ0XQou0lPJM8JTyaLQ2DIO+awTy+yk7mEBeyl5g=",
        "path": "../picat",
        "type": "path"
      },
      "original": {
        "path": "../picat",
        "type": "path"
      }
    },
    "root": {
      "inputs": {
        "hugoFlake": "hugoFlake",
        "nixpkgs": "nixpkgs_2",
        "paperjamFlake": "paperjamFlake",
        "picatFlake": "picatFlake"
      }
    }
  },
  "root": "root",
  "version": 7
}
